{
  "name": "user_profile",
  "lockfileVersion": 3,
  "requires": true,
  "packages": {
    "": {
      "name": "user_profile",
      "dependencies": {
        "ensure-user-profile": "file:../common/ensure-user-profile"
      }
    },
    "../common/ensure-user-profile": {
      "version": "1.0.0"
    },
    "node_modules/ensure-user-profile": {
      "resolved": "../common/ensure-user-profile",
      "link": true
    }
  }
}
